Microsoft Visual Studio Solution File, Format Version 12.00
# Visual Studio Version 17
VisualStudioVersion = 17.4.33020.496
MinimumVisualStudioVersion = 10.0.40219.1
Project("{FAE04EC0-301F-11D3-BF4B-00C04F79EFBC}") = "MPLVS", "MPLVS\MPLVS.csproj", "{C3E47726-5E55-46D6-AA20-2944047AFBC3}"
EndProject
Project("{2150E333-8FDC-42A3-9474-1A3956D46DE8}") = "Solution Items", "Solution Items", "{2D51DAE2-1855-42A0-A761-7E0556827205}"
	ProjectSection(SolutionItems) = preProject
		.editorconfig = .editorconfig
	EndProjectSection
EndProject
Project("{2150E333-8FDC-42A3-9474-1A3956D46DE8}") = "ProjectTemplates", "ProjectTemplates", "{7E29E942-B3FE-48C6-878F-A930805FB726}"
EndProject
Project("{FAE04EC0-301F-11D3-BF4B-00C04F79EFBC}") = "ConsoleApplication", "ProjectTemplates\ConsoleApplication\ConsoleApplication.csproj", "{8B682B23-B527-40C4-B44F-58C560C90764}"
EndProject
Project("{FAE04EC0-301F-11D3-BF4B-00C04F79EFBC}") = "EmptyProject", "ProjectTemplates\EmptyProject\EmptyProject.csproj", "{0D95DDEC-AAE3-48A7-BB96-CC6A72243311}"
EndProject
Global
	GlobalSection(SolutionConfigurationPlatforms) = preSolution
		Debug|Any CPU = Debug|Any CPU
		Debug|arm64 = Debug|arm64
		Debug|x86 = Debug|x86
		Release|Any CPU = Release|Any CPU
		Release|arm64 = Release|arm64
		Release|x86 = Release|x86
	EndGlobalSection
	GlobalSection(ProjectConfigurationPlatforms) = postSolution
		{C3E47726-5E55-46D6-AA20-2944047AFBC3}.Debug|Any CPU.ActiveCfg = Debug|Any CPU
		{C3E47726-5E55-46D6-AA20-2944047AFBC3}.Debug|Any CPU.Build.0 = Debug|Any CPU
		{C3E47726-5E55-46D6-AA20-2944047AFBC3}.Debug|arm64.ActiveCfg = Debug|Any CPU
		{C3E47726-5E55-46D6-AA20-2944047AFBC3}.Debug|arm64.Build.0 = Debug|Any CPU
		{C3E47726-5E55-46D6-AA20-2944047AFBC3}.Debug|x86.ActiveCfg = Debug|x86
		{C3E47726-5E55-46D6-AA20-2944047AFBC3}.Debug|x86.Build.0 = Debug|x86
		{C3E47726-5E55-46D6-AA20-2944047AFBC3}.Release|Any CPU.ActiveCfg = Release|Any CPU
		{C3E47726-5E55-46D6-AA20-2944047AFBC3}.Release|Any CPU.Build.0 = Release|Any CPU
		{C3E47726-5E55-46D6-AA20-2944047AFBC3}.Release|Any CPU.Deploy.0 = Release|Any CPU
		{C3E47726-5E55-46D6-AA20-2944047AFBC3}.Release|arm64.ActiveCfg = Release|Any CPU
		{C3E47726-5E55-46D6-AA20-2944047AFBC3}.Release|arm64.Build.0 = Release|Any CPU
		{C3E47726-5E55-46D6-AA20-2944047AFBC3}.Release|x86.ActiveCfg = Release|x86
		{C3E47726-5E55-46D6-AA20-2944047AFBC3}.Release|x86.Build.0 = Release|x86
		{8B682B23-B527-40C4-B44F-58C560C90764}.Debug|Any CPU.ActiveCfg = Debug|Any CPU
		{8B682B23-B527-40C4-B44F-58C560C90764}.Debug|Any CPU.Build.0 = Debug|Any CPU
		{8B682B23-B527-40C4-B44F-58C560C90764}.Debug|arm64.ActiveCfg = Debug|arm64
		{8B682B23-B527-40C4-B44F-58C560C90764}.Debug|arm64.Build.0 = Debug|arm64
		{8B682B23-B527-40C4-B44F-58C560C90764}.Debug|x86.ActiveCfg = Debug|x86
		{8B682B23-B527-40C4-B44F-58C560C90764}.Debug|x86.Build.0 = Debug|x86
		{8B682B23-B527-40C4-B44F-58C560C90764}.Release|Any CPU.ActiveCfg = Release|Any CPU
		{8B682B23-B527-40C4-B44F-58C560C90764}.Release|Any CPU.Build.0 = Release|Any CPU
		{8B682B23-B527-40C4-B44F-58C560C90764}.Release|arm64.ActiveCfg = Release|arm64
		{8B682B23-B527-40C4-B44F-58C560C90764}.Release|arm64.Build.0 = Release|arm64
		{8B682B23-B527-40C4-B44F-58C560C90764}.Release|x86.ActiveCfg = Release|x86
		{8B682B23-B527-40C4-B44F-58C560C90764}.Release|x86.Build.0 = Release|x86
		{0D95DDEC-AAE3-48A7-BB96-CC6A72243311}.Debug|Any CPU.ActiveCfg = Debug|Any CPU
		{0D95DDEC-AAE3-48A7-BB96-CC6A72243311}.Debug|Any CPU.Build.0 = Debug|Any CPU
		{0D95DDEC-AAE3-48A7-BB96-CC6A72243311}.Debug|arm64.ActiveCfg = Debug|arm64
		{0D95DDEC-AAE3-48A7-BB96-CC6A72243311}.Debug|arm64.Build.0 = Debug|arm64
		{0D95DDEC-AAE3-48A7-BB96-CC6A72243311}.Debug|x86.ActiveCfg = Debug|x86
		{0D95DDEC-AAE3-48A7-BB96-CC6A72243311}.Debug|x86.Build.0 = Debug|x86
		{0D95DDEC-AAE3-48A7-BB96-CC6A72243311}.Release|Any CPU.ActiveCfg = Release|Any CPU
		{0D95DDEC-AAE3-48A7-BB96-CC6A72243311}.Release|Any CPU.Build.0 = Release|Any CPU
		{0D95DDEC-AAE3-48A7-BB96-CC6A72243311}.Release|arm64.ActiveCfg = Release|arm64
		{0D95DDEC-AAE3-48A7-BB96-CC6A72243311}.Release|arm64.Build.0 = Release|arm64
		{0D95DDEC-AAE3-48A7-BB96-CC6A72243311}.Release|x86.ActiveCfg = Release|x86
		{0D95DDEC-AAE3-48A7-BB96-CC6A72243311}.Release|x86.Build.0 = Release|x86
	EndGlobalSection
	GlobalSection(SolutionProperties) = preSolution
		HideSolutionNode = FALSE
	EndGlobalSection
	GlobalSection(NestedProjects) = preSolution
		{8B682B23-B527-40C4-B44F-58C560C90764} = {7E29E942-B3FE-48C6-878F-A930805FB726}
		{0D95DDEC-AAE3-48A7-BB96-CC6A72243311} = {7E29E942-B3FE-48C6-878F-A930805FB726}
	EndGlobalSection
	GlobalSection(ExtensibilityGlobals) = postSolution
		SolutionGuid = {45F47A94-16D0-4879-9B37-AB97B22AB5E0}
	EndGlobalSection
EndGlobal
